
Microsoft Visual Studio Solution File, Format Version 12.00
# Visual Studio Version 17
VisualStudioVersion = 17.2.32602.215
MinimumVisualStudioVersion = 10.0.40219.1
Project("{FAE04EC0-301F-11D3-BF4B-00C04F79EFBC}") = "WinFormsApp1", "WinFormsApp1\WinFormsApp1.csproj", "{DA4C4EE5-D86F-41CD-883F-34F1BB3463DD}"
EndProject
Global
	GlobalSection(SolutionConfigurationPlatforms) = preSolution
		Debug|Any CPU = Debug|Any CPU
		Release|Any CPU = Release|Any CPU
	EndGlobalSection
	GlobalSection(ProjectConfigurationPlatforms) = postSolution
		{DA4C4EE5-D86F-41CD-883F-34F1BB3463DD}.Debug|Any CPU.ActiveCfg = Debug|Any CPU
		{DA4C4EE5-D86F-41CD-883F-34F1BB3463DD}.Debug|Any CPU.Build.0 = Debug|Any CPU
		{DA4C4EE5-D86F-41CD-883F-34F1BB3463DD}.Release|Any CPU.ActiveCfg = Release|Any CPU
		{DA4C4EE5-D86F-41CD-883F-34F1BB3463DD}.Release|Any CPU.Build.0 = Release|Any CPU
	EndGlobalSection
	GlobalSection(SolutionProperties) = preSolution
		HideSolutionNode = FALSE
	EndGlobalSection
	GlobalSection(ExtensibilityGlobals) = postSolution
		SolutionGuid = {16259148-CD2E-47A8-B01B-E6FA5387FEDE}
	EndGlobalSection
EndGlobal
